<?xml version="1.0" encoding="utf-8"?>
<Project ToolsVersion="4.0" xmlns="http://schemas.microsoft.com/developer/msbuild/2003">
  <ItemGroup>
    <ClCompile Include="ExampleMod.cpp" />
    <ClCompile Include="stdafx.cpp" />
    <ClCompile Include="sdk\SDK\SF_FactoryGame_functions.cpp">
      <Filter>sdk</Filter>
    </ClCompile>
    <ClCompile Include="sdk\SDK\SF_Engine_functions.cpp">
      <Filter>sdk</Filter>
    </ClCompile>
    <ClCompile Include="sdk\SDK\SF_CoreUObject_functions.cpp">
      <Filter>sdk</Filter>
    </ClCompile>
    <ClCompile Include="sdk\SDK\SF_Basic.cpp">
      <Filter>sdk</Filter>
    </ClCompile>
    <ClCompile Include="Events.cpp" />
    <ClCompile Include="Util.cpp" />
    <ClCompile Include="Global.cpp" />
    <ClCompile Include="Commands.cpp" />
    <ClCompile Include="JsonConfig.cpp" />
  </ItemGroup>
  <ItemGroup>
    <ClInclude Include="ExampleMod.h" />
    <ClInclude Include="stdafx.h" />
    <ClInclude Include="targetver.h" />
    <ClInclude Include="sdk\SDK.hpp" />
    <ClInclude Include="Events.h" />
    <ClInclude Include="Util.h" />
    <ClInclude Include="Global.h" />
    <ClInclude Include="Commands.h" />
    <ClInclude Include="JsonConfig.h" />
  </ItemGroup>
  <ItemGroup>
    <Filter Include="sdk">
      <UniqueIdentifier>{1f82b883-dedc-4af3-bf5e-281abce0520a}</UniqueIdentifier>
    </Filter>
  </ItemGroup>
</Project>